
Microsoft Visual Studio Solution File, Format Version 12.00
# Visual Studio Version 16
VisualStudioVersion = 16.0.29728.190
MinimumVisualStudioVersion = 10.0.40219.1
Project("{FAE04EC0-301F-11D3-BF4B-00C04F79EFBC}") = "euler22", "euler22\euler22.csproj", "{7A1B594D-6CD3-40B0-97A1-DBE8EA3FF4D2}"
EndProject
Global
	GlobalSection(SolutionConfigurationPlatforms) = preSolution
		Debug|Any CPU = Debug|Any CPU
		Release|Any CPU = Release|Any CPU
	EndGlobalSection
	GlobalSection(ProjectConfigurationPlatforms) = postSolution
		{7A1B594D-6CD3-40B0-97A1-DBE8EA3FF4D2}.Debug|Any CPU.ActiveCfg = Debug|Any CPU
		{7A1B594D-6CD3-40B0-97A1-DBE8EA3FF4D2}.Debug|Any CPU.Build.0 = Debug|Any CPU
		{7A1B594D-6CD3-40B0-97A1-DBE8EA3FF4D2}.Release|Any CPU.ActiveCfg = Release|Any CPU
		{7A1B594D-6CD3-40B0-97A1-DBE8EA3FF4D2}.Release|Any CPU.Build.0 = Release|Any CPU
	EndGlobalSection
	GlobalSection(SolutionProperties) = preSolution
		HideSolutionNode = FALSE
	EndGlobalSection
	GlobalSection(ExtensibilityGlobals) = postSolution
		SolutionGuid = {55CCFD7C-F4B4-4C65-B30E-114A9E9F8B03}
	EndGlobalSection
EndGlobal
